
Microsoft Visual Studio Solution File, Format Version 12.00
# Visual Studio 15
VisualStudioVersion = 15.0.27130.2026
MinimumVisualStudioVersion = 10.0.40219.1
Project("{FAE04EC0-301F-11D3-BF4B-00C04F79EFBC}") = "ProjectManager.Data", "ProjectManager.Data\ProjectManager.Data.csproj", "{B35D127E-34EB-45AE-9EB9-6E7F2CBE1C1A}"
EndProject
Project("{FAE04EC0-301F-11D3-BF4B-00C04F79EFBC}") = "ProjectManager.Repo", "ProjectManager.Repo\ProjectManager.Repo.csproj", "{40C9CA61-D303-46F7-BF99-0E7BBFDCBC40}"
EndProject
Project("{FAE04EC0-301F-11D3-BF4B-00C04F79EFBC}") = "ProjectManager.Service", "ProjectManager.Service\ProjectManager.Service.csproj", "{4E368503-C8E2-4EAE-AD0D-5323FCB9840C}"
EndProject
Project("{FAE04EC0-301F-11D3-BF4B-00C04F79EFBC}") = "ProjectManager.Web", "ProjectManager.Web\ProjectManager.Web.csproj", "{12EC8848-46BF-4216-8375-3AD207D4714C}"
EndProject
Global
	GlobalSection(SolutionConfigurationPlatforms) = preSolution
		Debug|Any CPU = Debug|Any CPU
		Release|Any CPU = Release|Any CPU
	EndGlobalSection
	GlobalSection(ProjectConfigurationPlatforms) = postSolution
		{B35D127E-34EB-45AE-9EB9-6E7F2CBE1C1A}.Debug|Any CPU.ActiveCfg = Debug|Any CPU
		{B35D127E-34EB-45AE-9EB9-6E7F2CBE1C1A}.Debug|Any CPU.Build.0 = Debug|Any CPU
		{B35D127E-34EB-45AE-9EB9-6E7F2CBE1C1A}.Release|Any CPU.ActiveCfg = Release|Any CPU
		{B35D127E-34EB-45AE-9EB9-6E7F2CBE1C1A}.Release|Any CPU.Build.0 = Release|Any CPU
		{40C9CA61-D303-46F7-BF99-0E7BBFDCBC40}.Debug|Any CPU.ActiveCfg = Debug|Any CPU
		{40C9CA61-D303-46F7-BF99-0E7BBFDCBC40}.Debug|Any CPU.Build.0 = Debug|Any CPU
		{40C9CA61-D303-46F7-BF99-0E7BBFDCBC40}.Release|Any CPU.ActiveCfg = Release|Any CPU
		{40C9CA61-D303-46F7-BF99-0E7BBFDCBC40}.Release|Any CPU.Build.0 = Release|Any CPU
		{4E368503-C8E2-4EAE-AD0D-5323FCB9840C}.Debug|Any CPU.ActiveCfg = Debug|Any CPU
		{4E368503-C8E2-4EAE-AD0D-5323FCB9840C}.Debug|Any CPU.Build.0 = Debug|Any CPU
		{4E368503-C8E2-4EAE-AD0D-5323FCB9840C}.Release|Any CPU.ActiveCfg = Release|Any CPU
		{4E368503-C8E2-4EAE-AD0D-5323FCB9840C}.Release|Any CPU.Build.0 = Release|Any CPU
		{12EC8848-46BF-4216-8375-3AD207D4714C}.Debug|Any CPU.ActiveCfg = Debug|Any CPU
		{12EC8848-46BF-4216-8375-3AD207D4714C}.Debug|Any CPU.Build.0 = Debug|Any CPU
		{12EC8848-46BF-4216-8375-3AD207D4714C}.Release|Any CPU.ActiveCfg = Release|Any CPU
		{12EC8848-46BF-4216-8375-3AD207D4714C}.Release|Any CPU.Build.0 = Release|Any CPU
	EndGlobalSection
	GlobalSection(SolutionProperties) = preSolution
		HideSolutionNode = FALSE
	EndGlobalSection
	GlobalSection(ExtensibilityGlobals) = postSolution
		SolutionGuid = {74289AB7-53ED-4000-9E22-3F5B743D5377}
	EndGlobalSection
EndGlobal
